
Microsoft Visual Studio Solution File, Format Version 12.00
# Visual Studio Version 16
VisualStudioVersion = 16.0.29424.173
MinimumVisualStudioVersion = 10.0.40219.1
Project("{FAE04EC0-301F-11D3-BF4B-00C04F79EFBC}") = "Hermes", "Hermes\Hermes.csproj", "{DC9DE92E-AF73-4A66-9DA5-FEA7BF4F76C9}"
EndProject
Global
	GlobalSection(SolutionConfigurationPlatforms) = preSolution
		Debug|Any CPU = Debug|Any CPU
		Release|Any CPU = Release|Any CPU
	EndGlobalSection
	GlobalSection(ProjectConfigurationPlatforms) = postSolution
		{DC9DE92E-AF73-4A66-9DA5-FEA7BF4F76C9}.Debug|Any CPU.ActiveCfg = Debug|Any CPU
		{DC9DE92E-AF73-4A66-9DA5-FEA7BF4F76C9}.Debug|Any CPU.Build.0 = Debug|Any CPU
		{DC9DE92E-AF73-4A66-9DA5-FEA7BF4F76C9}.Release|Any CPU.ActiveCfg = Release|Any CPU
		{DC9DE92E-AF73-4A66-9DA5-FEA7BF4F76C9}.Release|Any CPU.Build.0 = Release|Any CPU
	EndGlobalSection
	GlobalSection(SolutionProperties) = preSolution
		HideSolutionNode = FALSE
	EndGlobalSection
	GlobalSection(ExtensibilityGlobals) = postSolution
		SolutionGuid = {3041D6A1-DD74-4FE8-A932-DC13696AA8BD}
	EndGlobalSection
EndGlobal
